{
  "nodes": {
    "nixpkgs": {
      "locked": {
        "lastModified": 1768689382,
        "narHash": "sha256-kyXVk1E4uyYIGWRY5/i6d1Z6AVU9ARgAHQ1CltXNvtM=",
        "owner": "BatteredBunny",
        "repo": "nixpkgs",
        "rev": "9273b6d0d564a8be888466913565fb37ebe925f8",
        "type": "github"
      },
      "original": {
        "owner": "BatteredBunny",
        "ref": "exllama",
        "repo": "nixpkgs",
        "type": "github"
      }
    },
    "root": {
      "inputs": {
        "nixpkgs": "nixpkgs"
      }
    }
  },
  "root": "root",
  "version": 7
}
