{
  "nodes": {
    "nixpkgs": {
      "locked": {
        "lastModified": 1768935526,
        "narHash": "sha256-ve8YbQI2xDIdHHcI0m63zxENC0hwPWkeX8fniPahn08=",
        "owner": "BatteredBunny",
        "repo": "nixpkgs",
        "rev": "62065ae3cf30162d1b1e6342cf9ab645dece2187",
        "type": "github"
      },
      "original": {
        "owner": "BatteredBunny",
        "ref": "exllama",
        "repo": "nixpkgs",
        "type": "github"
      }
    },
    "root": {
      "inputs": {
        "nixpkgs": "nixpkgs"
      }
    }
  },
  "root": "root",
  "version": 7
}
