{
  "nodes": {
    "nixpkgs": {
      "locked": {
        "lastModified": 1768676982,
        "narHash": "sha256-uiocSfvtJ2x9zIPr8ljYvOlxDNe+aYE0hTJ+4EmhTVQ=",
        "owner": "BatteredBunny",
        "repo": "nixpkgs",
        "rev": "741750a45f0879d26ee78592b579b1b7a08034b2",
        "type": "github"
      },
      "original": {
        "owner": "BatteredBunny",
        "ref": "exllama",
        "repo": "nixpkgs",
        "type": "github"
      }
    },
    "root": {
      "inputs": {
        "nixpkgs": "nixpkgs"
      }
    }
  },
  "root": "root",
  "version": 7
}
